
Microsoft Visual Studio Solution File, Format Version 12.00
# Visual Studio Version 17
VisualStudioVersion = 17.11.35303.130
MinimumVisualStudioVersion = 10.0.40219.1
Project("{2150E333-8FDC-42A3-9474-1A3956D46DE8}") = "Task0", "Task0", "{B7147DEC-B8AD-490D-BA5A-F4272839A000}"
EndProject
Project("{9A19103F-16F7-4668-BE54-9A1E7A4F7556}") = "Tyuiu.BuyanovaVI.Sprint6.Task0.V9", "Tyuiu.BuyanovaVI.Sprint6.Task0.V9\Tyuiu.BuyanovaVI.Sprint6.Task0.V9.csproj", "{9B55BD98-6725-41DE-86EE-4DBA69683EE3}"
EndProject
Project("{9A19103F-16F7-4668-BE54-9A1E7A4F7556}") = "Tyuiu.BuyanovaVI.Sprint6.Task0.V9.Lib", "Tyuiu.BuyanovaVI.Sprint6.Task0.V9.Lib\Tyuiu.BuyanovaVI.Sprint6.Task0.V9.Lib.csproj", "{D95F071B-A686-4612-A520-B7E41D729EA7}"
EndProject
Project("{9A19103F-16F7-4668-BE54-9A1E7A4F7556}") = "Tyuiu.BuyanovaVI.Sprint6.Task0.V9.Test", "Tyuiu.BuyanovaVI.Sprint6.Task0.V9.Test\Tyuiu.BuyanovaVI.Sprint6.Task0.V9.Test.csproj", "{B7B2DE84-D021-40D7-A73D-532A8E345B4D}"
EndProject
Project("{2150E333-8FDC-42A3-9474-1A3956D46DE8}") = "Task1", "Task1", "{AC5E2124-B239-41C0-8368-E8D382952DD6}"
EndProject
Project("{9A19103F-16F7-4668-BE54-9A1E7A4F7556}") = "Tyuiu.BuyanovaVI.Sprint6.Task1.V12", "Tyuiu.BuyanovaVI.Sprint6.Task1.V12\Tyuiu.BuyanovaVI.Sprint6.Task1.V12.csproj", "{7F4EB4A7-2FB7-4655-914E-FB50AE9B8255}"
EndProject
Project("{9A19103F-16F7-4668-BE54-9A1E7A4F7556}") = "Tyuiu.BuyanovaVI.Sprint6.Task1.V12.Lib", "Tyuiu.BuyanovaVI.Sprint6.Task1.V12.Lib\Tyuiu.BuyanovaVI.Sprint6.Task1.V12.Lib.csproj", "{7F8E70D3-9829-4D3B-B1F1-EE13FE26F353}"
EndProject
Project("{9A19103F-16F7-4668-BE54-9A1E7A4F7556}") = "Tyuiu.BuyanovaVI.Sprint6.Task1.V12.Test", "Tyuiu.BuyanovaVI.Sprint6.Task1.V12.Test\Tyuiu.BuyanovaVI.Sprint6.Task1.V12.Test.csproj", "{D26E47E3-C367-4EB1-ABFA-728FCE4B24BF}"
EndProject
Project("{2150E333-8FDC-42A3-9474-1A3956D46DE8}") = "Task2", "Task2", "{5906F10B-3E85-4324-AD7D-8B31FD48E951}"
EndProject
Project("{FAE04EC0-301F-11D3-BF4B-00C04F79EFBC}") = "Tyuiu.BuyanovaVI.Sprint6.Task2.V4", "Tyuiu.BuyanovaVI.Sprint6.Task2.V4\Tyuiu.BuyanovaVI.Sprint6.Task2.V4.csproj", "{296B07BB-CE71-455B-9D1B-D96CED83EA62}"
EndProject
Project("{FAE04EC0-301F-11D3-BF4B-00C04F79EFBC}") = "Tyuiu.BuyanovaVI.Sprint6.Task2.V4.Lib", "Tyuiu.BuyanovaVI.Sprint6.Task2.V4.Lib\Tyuiu.BuyanovaVI.Sprint6.Task2.V4.Lib.csproj", "{4B483C82-A6A2-4184-83E4-83FA4C401830}"
EndProject
Project("{FAE04EC0-301F-11D3-BF4B-00C04F79EFBC}") = "Tyuiu.BuyanovaVI.Sprint6.Task2.V4.Test", "Tyuiu.BuyanovaVI.Sprint6.Task2.V4.Test\Tyuiu.BuyanovaVI.Sprint6.Task2.V4.Test.csproj", "{C9A1CF0B-81AE-4711-8B67-AC504E3AE1FD}"
EndProject
Project("{2150E333-8FDC-42A3-9474-1A3956D46DE8}") = "Task3", "Task3", "{46885ABD-7ED4-4B81-9250-B1ECCE1E07DF}"
EndProject
Project("{FAE04EC0-301F-11D3-BF4B-00C04F79EFBC}") = "Tyuiu.BuyanovaVI.Sprint6.Task3.V13", "Tyuiu.BuyanovaVI.Sprint6.Task3.V13\Tyuiu.BuyanovaVI.Sprint6.Task3.V13.csproj", "{93FA1EA6-4126-4D19-B7ED-BD418BF04892}"
EndProject
Project("{FAE04EC0-301F-11D3-BF4B-00C04F79EFBC}") = "Tyuiu.BuyanovaVI.Sprint6.Task3.V13.Lib;", "Tyuiu.BuyanovaVI.Sprint6.Task3.V13.Lib;\Tyuiu.BuyanovaVI.Sprint6.Task3.V13.Lib;.csproj", "{7A83E921-306D-4655-A303-BC3B131DFCCD}"
EndProject
Project("{FAE04EC0-301F-11D3-BF4B-00C04F79EFBC}") = "Tyuiu.BuyanovaVI.Sprint6.Task3.V13.Test", "Tyuiu.BuyanovaVI.Sprint6.Task3.V13.Test\Tyuiu.BuyanovaVI.Sprint6.Task3.V13.Test.csproj", "{5E8EF79C-37B5-4E5E-A658-5AEEF6473F2C}"
EndProject
Global
	GlobalSection(SolutionConfigurationPlatforms) = preSolution
		Debug|Any CPU = Debug|Any CPU
		Release|Any CPU = Release|Any CPU
	EndGlobalSection
	GlobalSection(ProjectConfigurationPlatforms) = postSolution
		{9B55BD98-6725-41DE-86EE-4DBA69683EE3}.Debug|Any CPU.ActiveCfg = Debug|Any CPU
		{9B55BD98-6725-41DE-86EE-4DBA69683EE3}.Debug|Any CPU.Build.0 = Debug|Any CPU
		{9B55BD98-6725-41DE-86EE-4DBA69683EE3}.Release|Any CPU.ActiveCfg = Release|Any CPU
		{9B55BD98-6725-41DE-86EE-4DBA69683EE3}.Release|Any CPU.Build.0 = Release|Any CPU
		{D95F071B-A686-4612-A520-B7E41D729EA7}.Debug|Any CPU.ActiveCfg = Debug|Any CPU
		{D95F071B-A686-4612-A520-B7E41D729EA7}.Debug|Any CPU.Build.0 = Debug|Any CPU
		{D95F071B-A686-4612-A520-B7E41D729EA7}.Release|Any CPU.ActiveCfg = Release|Any CPU
		{D95F071B-A686-4612-A520-B7E41D729EA7}.Release|Any CPU.Build.0 = Release|Any CPU
		{B7B2DE84-D021-40D7-A73D-532A8E345B4D}.Debug|Any CPU.ActiveCfg = Debug|Any CPU
		{B7B2DE84-D021-40D7-A73D-532A8E345B4D}.Debug|Any CPU.Build.0 = Debug|Any CPU
		{B7B2DE84-D021-40D7-A73D-532A8E345B4D}.Release|Any CPU.ActiveCfg = Release|Any CPU
		{B7B2DE84-D021-40D7-A73D-532A8E345B4D}.Release|Any CPU.Build.0 = Release|Any CPU
		{7F4EB4A7-2FB7-4655-914E-FB50AE9B8255}.Debug|Any CPU.ActiveCfg = Debug|Any CPU
		{7F4EB4A7-2FB7-4655-914E-FB50AE9B8255}.Debug|Any CPU.Build.0 = Debug|Any CPU
		{7F4EB4A7-2FB7-4655-914E-FB50AE9B8255}.Release|Any CPU.ActiveCfg = Release|Any CPU
		{7F4EB4A7-2FB7-4655-914E-FB50AE9B8255}.Release|Any CPU.Build.0 = Release|Any CPU
		{7F8E70D3-9829-4D3B-B1F1-EE13FE26F353}.Debug|Any CPU.ActiveCfg = Debug|Any CPU
		{7F8E70D3-9829-4D3B-B1F1-EE13FE26F353}.Debug|Any CPU.Build.0 = Debug|Any CPU
		{7F8E70D3-9829-4D3B-B1F1-EE13FE26F353}.Release|Any CPU.ActiveCfg = Release|Any CPU
		{7F8E70D3-9829-4D3B-B1F1-EE13FE26F353}.Release|Any CPU.Build.0 = Release|Any CPU
		{D26E47E3-C367-4EB1-ABFA-728FCE4B24BF}.Debug|Any CPU.ActiveCfg = Debug|Any CPU
		{D26E47E3-C367-4EB1-ABFA-728FCE4B24BF}.Debug|Any CPU.Build.0 = Debug|Any CPU
		{D26E47E3-C367-4EB1-ABFA-728FCE4B24BF}.Release|Any CPU.ActiveCfg = Release|Any CPU
		{D26E47E3-C367-4EB1-ABFA-728FCE4B24BF}.Release|Any CPU.Build.0 = Release|Any CPU
		{296B07BB-CE71-455B-9D1B-D96CED83EA62}.Debug|Any CPU.ActiveCfg = Debug|Any CPU
		{296B07BB-CE71-455B-9D1B-D96CED83EA62}.Debug|Any CPU.Build.0 = Debug|Any CPU
		{296B07BB-CE71-455B-9D1B-D96CED83EA62}.Release|Any CPU.ActiveCfg = Release|Any CPU
		{296B07BB-CE71-455B-9D1B-D96CED83EA62}.Release|Any CPU.Build.0 = Release|Any CPU
		{4B483C82-A6A2-4184-83E4-83FA4C401830}.Debug|Any CPU.ActiveCfg = Debug|Any CPU
		{4B483C82-A6A2-4184-83E4-83FA4C401830}.Debug|Any CPU.Build.0 = Debug|Any CPU
		{4B483C82-A6A2-4184-83E4-83FA4C401830}.Release|Any CPU.ActiveCfg = Release|Any CPU
		{4B483C82-A6A2-4184-83E4-83FA4C401830}.Release|Any CPU.Build.0 = Release|Any CPU
		{C9A1CF0B-81AE-4711-8B67-AC504E3AE1FD}.Debug|Any CPU.ActiveCfg = Debug|Any CPU
		{C9A1CF0B-81AE-4711-8B67-AC504E3AE1FD}.Debug|Any CPU.Build.0 = Debug|Any CPU
		{C9A1CF0B-81AE-4711-8B67-AC504E3AE1FD}.Release|Any CPU.ActiveCfg = Release|Any CPU
		{C9A1CF0B-81AE-4711-8B67-AC504E3AE1FD}.Release|Any CPU.Build.0 = Release|Any CPU
		{93FA1EA6-4126-4D19-B7ED-BD418BF04892}.Debug|Any CPU.ActiveCfg = Debug|Any CPU
		{93FA1EA6-4126-4D19-B7ED-BD418BF04892}.Debug|Any CPU.Build.0 = Debug|Any CPU
		{93FA1EA6-4126-4D19-B7ED-BD418BF04892}.Release|Any CPU.ActiveCfg = Release|Any CPU
		{93FA1EA6-4126-4D19-B7ED-BD418BF04892}.Release|Any CPU.Build.0 = Release|Any CPU
		{7A83E921-306D-4655-A303-BC3B131DFCCD}.Debug|Any CPU.ActiveCfg = Debug|Any CPU
		{7A83E921-306D-4655-A303-BC3B131DFCCD}.Debug|Any CPU.Build.0 = Debug|Any CPU
		{7A83E921-306D-4655-A303-BC3B131DFCCD}.Release|Any CPU.ActiveCfg = Release|Any CPU
		{7A83E921-306D-4655-A303-BC3B131DFCCD}.Release|Any CPU.Build.0 = Release|Any CPU
		{5E8EF79C-37B5-4E5E-A658-5AEEF6473F2C}.Debug|Any CPU.ActiveCfg = Debug|Any CPU
		{5E8EF79C-37B5-4E5E-A658-5AEEF6473F2C}.Debug|Any CPU.Build.0 = Debug|Any CPU
		{5E8EF79C-37B5-4E5E-A658-5AEEF6473F2C}.Release|Any CPU.ActiveCfg = Release|Any CPU
		{5E8EF79C-37B5-4E5E-A658-5AEEF6473F2C}.Release|Any CPU.Build.0 = Release|Any CPU
	EndGlobalSection
	GlobalSection(SolutionProperties) = preSolution
		HideSolutionNode = FALSE
	EndGlobalSection
	GlobalSection(NestedProjects) = preSolution
		{9B55BD98-6725-41DE-86EE-4DBA69683EE3} = {B7147DEC-B8AD-490D-BA5A-F4272839A000}
		{D95F071B-A686-4612-A520-B7E41D729EA7} = {B7147DEC-B8AD-490D-BA5A-F4272839A000}
		{B7B2DE84-D021-40D7-A73D-532A8E345B4D} = {B7147DEC-B8AD-490D-BA5A-F4272839A000}
		{7F4EB4A7-2FB7-4655-914E-FB50AE9B8255} = {AC5E2124-B239-41C0-8368-E8D382952DD6}
		{7F8E70D3-9829-4D3B-B1F1-EE13FE26F353} = {AC5E2124-B239-41C0-8368-E8D382952DD6}
		{D26E47E3-C367-4EB1-ABFA-728FCE4B24BF} = {AC5E2124-B239-41C0-8368-E8D382952DD6}
		{296B07BB-CE71-455B-9D1B-D96CED83EA62} = {5906F10B-3E85-4324-AD7D-8B31FD48E951}
		{4B483C82-A6A2-4184-83E4-83FA4C401830} = {5906F10B-3E85-4324-AD7D-8B31FD48E951}
		{C9A1CF0B-81AE-4711-8B67-AC504E3AE1FD} = {5906F10B-3E85-4324-AD7D-8B31FD48E951}
		{93FA1EA6-4126-4D19-B7ED-BD418BF04892} = {46885ABD-7ED4-4B81-9250-B1ECCE1E07DF}
		{7A83E921-306D-4655-A303-BC3B131DFCCD} = {46885ABD-7ED4-4B81-9250-B1ECCE1E07DF}
		{5E8EF79C-37B5-4E5E-A658-5AEEF6473F2C} = {46885ABD-7ED4-4B81-9250-B1ECCE1E07DF}
	EndGlobalSection
	GlobalSection(ExtensibilityGlobals) = postSolution
		SolutionGuid = {BD54DEAC-1311-4ED4-A422-7BF45C84EE6F}
	EndGlobalSection
EndGlobal
